
Microsoft Visual Studio Solution File, Format Version 12.00
# Visual Studio Version 16
VisualStudioVersion = 16.0.31112.23
MinimumVisualStudioVersion = 10.0.40219.1
Project("{FAE04EC0-301F-11D3-BF4B-00C04F79EFBC}") = "Notepad Screen Reader", "Notepad Screen Reader.csproj", "{402A3E6D-1BBE-47DF-B425-4E0D8C894A9E}"
EndProject
Global
	GlobalSection(SolutionConfigurationPlatforms) = preSolution
		Debug|Any CPU = Debug|Any CPU
		Release|Any CPU = Release|Any CPU
	EndGlobalSection
	GlobalSection(ProjectConfigurationPlatforms) = postSolution
		{402A3E6D-1BBE-47DF-B425-4E0D8C894A9E}.Debug|Any CPU.ActiveCfg = Debug|Any CPU
		{402A3E6D-1BBE-47DF-B425-4E0D8C894A9E}.Debug|Any CPU.Build.0 = Debug|Any CPU
		{402A3E6D-1BBE-47DF-B425-4E0D8C894A9E}.Release|Any CPU.ActiveCfg = Release|Any CPU
		{402A3E6D-1BBE-47DF-B425-4E0D8C894A9E}.Release|Any CPU.Build.0 = Release|Any CPU
	EndGlobalSection
	GlobalSection(SolutionProperties) = preSolution
		HideSolutionNode = FALSE
	EndGlobalSection
	GlobalSection(ExtensibilityGlobals) = postSolution
		SolutionGuid = {E342BDF5-FA9D-450C-9E5F-12AED41581D2}
	EndGlobalSection
EndGlobal
